
Microsoft Visual Studio Solution File, Format Version 12.00
# Visual Studio Version 17
VisualStudioVersion = 17.4.33403.182
MinimumVisualStudioVersion = 10.0.40219.1
Project("{9A19103F-16F7-4668-BE54-9A1E7A4F7556}") = "KampIntro", "KampIntro\KampIntro.csproj", "{326B0ADE-269D-41BE-BB6A-A7455E7E7EAA}"
EndProject
Project("{9A19103F-16F7-4668-BE54-9A1E7A4F7556}") = "Donguler", "Donguler\Donguler.csproj", "{9727294E-E6ED-4ED9-A2C4-EE3D2ABA0C66}"
EndProject
Project("{9A19103F-16F7-4668-BE54-9A1E7A4F7556}") = "ClassIntro", "ClassIntro\ClassIntro.csproj", "{1CBD2835-13FC-44F7-AE61-47F13C3E5910}"
EndProject
Project("{9A19103F-16F7-4668-BE54-9A1E7A4F7556}") = "Hafta2Odev6", "Hafta2Odev6\Hafta2Odev6.csproj", "{3CBC1FB3-ED33-4B23-94D8-4832DB054DDF}"
EndProject
Project("{9A19103F-16F7-4668-BE54-9A1E7A4F7556}") = "Metotlar", "Metotlar\Metotlar.csproj", "{2039FA2E-BB39-4584-BF98-953739E510F5}"
EndProject
Project("{9A19103F-16F7-4668-BE54-9A1E7A4F7556}") = "Matematik", "Matematik\Matematik.csproj", "{7A22735B-15B6-47D4-96EB-ABF61FB8657E}"
EndProject
Project("{9A19103F-16F7-4668-BE54-9A1E7A4F7556}") = "DegerVeReferansTipler", "DegerVeReferansTipler\DegerVeReferansTipler.csproj", "{CAC0700F-7414-457A-9527-359837ADAB35}"
EndProject
Project("{9A19103F-16F7-4668-BE54-9A1E7A4F7556}") = "ClassMetotDemo", "ClassMetotDemo\ClassMetotDemo.csproj", "{CB1DD2BD-81BC-4A49-A24E-6B74954E4CE4}"
EndProject
Project("{9A19103F-16F7-4668-BE54-9A1E7A4F7556}") = "OOP1", "OOP1\OOP1.csproj", "{D9B923EB-3E8C-4B07-9BCE-2221BC46FE53}"
EndProject
Project("{9A19103F-16F7-4668-BE54-9A1E7A4F7556}") = "Koleksiyonlar", "Koleksiyonlar\Koleksiyonlar.csproj", "{3562200E-69A3-48AC-A699-F09668AEB733}"
EndProject
Project("{9A19103F-16F7-4668-BE54-9A1E7A4F7556}") = "GenericsIntro", "GenericsIntro\GenericsIntro.csproj", "{18539D36-ACD5-43DC-A824-E8C90FBF5D6C}"
EndProject
Project("{9A19103F-16F7-4668-BE54-9A1E7A4F7556}") = "MyDictionary", "MyDictionary\MyDictionary.csproj", "{1187395D-8C19-4816-BC3F-2555BA2D6CB1}"
EndProject
Project("{9A19103F-16F7-4668-BE54-9A1E7A4F7556}") = "OOP2", "OOP2\OOP2.csproj", "{B244A869-699A-435B-9BB8-EA235A4AF0E6}"
EndProject
Project("{9A19103F-16F7-4668-BE54-9A1E7A4F7556}") = "OOP3", "OOP3\OOP3.csproj", "{747C315F-CD67-4DE7-8EC5-24E984EDD241}"
EndProject
Project("{FAE04EC0-301F-11D3-BF4B-00C04F79EFBC}") = "GameSimulation", "GameSimulation\GameSimulation.csproj", "{D7573F74-2620-4754-91DC-E06D6BFACA91}"
EndProject
Global
	GlobalSection(SolutionConfigurationPlatforms) = preSolution
		Debug|Any CPU = Debug|Any CPU
		Release|Any CPU = Release|Any CPU
	EndGlobalSection
	GlobalSection(ProjectConfigurationPlatforms) = postSolution
		{326B0ADE-269D-41BE-BB6A-A7455E7E7EAA}.Debug|Any CPU.ActiveCfg = Debug|Any CPU
		{326B0ADE-269D-41BE-BB6A-A7455E7E7EAA}.Debug|Any CPU.Build.0 = Debug|Any CPU
		{326B0ADE-269D-41BE-BB6A-A7455E7E7EAA}.Release|Any CPU.ActiveCfg = Release|Any CPU
		{326B0ADE-269D-41BE-BB6A-A7455E7E7EAA}.Release|Any CPU.Build.0 = Release|Any CPU
		{9727294E-E6ED-4ED9-A2C4-EE3D2ABA0C66}.Debug|Any CPU.ActiveCfg = Debug|Any CPU
		{9727294E-E6ED-4ED9-A2C4-EE3D2ABA0C66}.Debug|Any CPU.Build.0 = Debug|Any CPU
		{9727294E-E6ED-4ED9-A2C4-EE3D2ABA0C66}.Release|Any CPU.ActiveCfg = Release|Any CPU
		{9727294E-E6ED-4ED9-A2C4-EE3D2ABA0C66}.Release|Any CPU.Build.0 = Release|Any CPU
		{1CBD2835-13FC-44F7-AE61-47F13C3E5910}.Debug|Any CPU.ActiveCfg = Debug|Any CPU
		{1CBD2835-13FC-44F7-AE61-47F13C3E5910}.Debug|Any CPU.Build.0 = Debug|Any CPU
		{1CBD2835-13FC-44F7-AE61-47F13C3E5910}.Release|Any CPU.ActiveCfg = Release|Any CPU
		{1CBD2835-13FC-44F7-AE61-47F13C3E5910}.Release|Any CPU.Build.0 = Release|Any CPU
		{3CBC1FB3-ED33-4B23-94D8-4832DB054DDF}.Debug|Any CPU.ActiveCfg = Debug|Any CPU
		{3CBC1FB3-ED33-4B23-94D8-4832DB054DDF}.Debug|Any CPU.Build.0 = Debug|Any CPU
		{3CBC1FB3-ED33-4B23-94D8-4832DB054DDF}.Release|Any CPU.ActiveCfg = Release|Any CPU
		{3CBC1FB3-ED33-4B23-94D8-4832DB054DDF}.Release|Any CPU.Build.0 = Release|Any CPU
		{2039FA2E-BB39-4584-BF98-953739E510F5}.Debug|Any CPU.ActiveCfg = Debug|Any CPU
		{2039FA2E-BB39-4584-BF98-953739E510F5}.Debug|Any CPU.Build.0 = Debug|Any CPU
		{2039FA2E-BB39-4584-BF98-953739E510F5}.Release|Any CPU.ActiveCfg = Release|Any CPU
		{2039FA2E-BB39-4584-BF98-953739E510F5}.Release|Any CPU.Build.0 = Release|Any CPU
		{7A22735B-15B6-47D4-96EB-ABF61FB8657E}.Debug|Any CPU.ActiveCfg = Debug|Any CPU
		{7A22735B-15B6-47D4-96EB-ABF61FB8657E}.Debug|Any CPU.Build.0 = Debug|Any CPU
		{7A22735B-15B6-47D4-96EB-ABF61FB8657E}.Release|Any CPU.ActiveCfg = Release|Any CPU
		{7A22735B-15B6-47D4-96EB-ABF61FB8657E}.Release|Any CPU.Build.0 = Release|Any CPU
		{CAC0700F-7414-457A-9527-359837ADAB35}.Debug|Any CPU.ActiveCfg = Debug|Any CPU
		{CAC0700F-7414-457A-9527-359837ADAB35}.Debug|Any CPU.Build.0 = Debug|Any CPU
		{CAC0700F-7414-457A-9527-359837ADAB35}.Release|Any CPU.ActiveCfg = Release|Any CPU
		{CAC0700F-7414-457A-9527-359837ADAB35}.Release|Any CPU.Build.0 = Release|Any CPU
		{CB1DD2BD-81BC-4A49-A24E-6B74954E4CE4}.Debug|Any CPU.ActiveCfg = Debug|Any CPU
		{CB1DD2BD-81BC-4A49-A24E-6B74954E4CE4}.Debug|Any CPU.Build.0 = Debug|Any CPU
		{CB1DD2BD-81BC-4A49-A24E-6B74954E4CE4}.Release|Any CPU.ActiveCfg = Release|Any CPU
		{CB1DD2BD-81BC-4A49-A24E-6B74954E4CE4}.Release|Any CPU.Build.0 = Release|Any CPU
		{D9B923EB-3E8C-4B07-9BCE-2221BC46FE53}.Debug|Any CPU.ActiveCfg = Debug|Any CPU
		{D9B923EB-3E8C-4B07-9BCE-2221BC46FE53}.Debug|Any CPU.Build.0 = Debug|Any CPU
		{D9B923EB-3E8C-4B07-9BCE-2221BC46FE53}.Release|Any CPU.ActiveCfg = Release|Any CPU
		{D9B923EB-3E8C-4B07-9BCE-2221BC46FE53}.Release|Any CPU.Build.0 = Release|Any CPU
		{3562200E-69A3-48AC-A699-F09668AEB733}.Debug|Any CPU.ActiveCfg = Debug|Any CPU
		{3562200E-69A3-48AC-A699-F09668AEB733}.Debug|Any CPU.Build.0 = Debug|Any CPU
		{3562200E-69A3-48AC-A699-F09668AEB733}.Release|Any CPU.ActiveCfg = Release|Any CPU
		{3562200E-69A3-48AC-A699-F09668AEB733}.Release|Any CPU.Build.0 = Release|Any CPU
		{18539D36-ACD5-43DC-A824-E8C90FBF5D6C}.Debug|Any CPU.ActiveCfg = Debug|Any CPU
		{18539D36-ACD5-43DC-A824-E8C90FBF5D6C}.Debug|Any CPU.Build.0 = Debug|Any CPU
		{18539D36-ACD5-43DC-A824-E8C90FBF5D6C}.Release|Any CPU.ActiveCfg = Release|Any CPU
		{18539D36-ACD5-43DC-A824-E8C90FBF5D6C}.Release|Any CPU.Build.0 = Release|Any CPU
		{1187395D-8C19-4816-BC3F-2555BA2D6CB1}.Debug|Any CPU.ActiveCfg = Debug|Any CPU
		{1187395D-8C19-4816-BC3F-2555BA2D6CB1}.Debug|Any CPU.Build.0 = Debug|Any CPU
		{1187395D-8C19-4816-BC3F-2555BA2D6CB1}.Release|Any CPU.ActiveCfg = Release|Any CPU
		{1187395D-8C19-4816-BC3F-2555BA2D6CB1}.Release|Any CPU.Build.0 = Release|Any CPU
		{B244A869-699A-435B-9BB8-EA235A4AF0E6}.Debug|Any CPU.ActiveCfg = Debug|Any CPU
		{B244A869-699A-435B-9BB8-EA235A4AF0E6}.Debug|Any CPU.Build.0 = Debug|Any CPU
		{B244A869-699A-435B-9BB8-EA235A4AF0E6}.Release|Any CPU.ActiveCfg = Release|Any CPU
		{B244A869-699A-435B-9BB8-EA235A4AF0E6}.Release|Any CPU.Build.0 = Release|Any CPU
		{747C315F-CD67-4DE7-8EC5-24E984EDD241}.Debug|Any CPU.ActiveCfg = Debug|Any CPU
		{747C315F-CD67-4DE7-8EC5-24E984EDD241}.Debug|Any CPU.Build.0 = Debug|Any CPU
		{747C315F-CD67-4DE7-8EC5-24E984EDD241}.Release|Any CPU.ActiveCfg = Release|Any CPU
		{747C315F-CD67-4DE7-8EC5-24E984EDD241}.Release|Any CPU.Build.0 = Release|Any CPU
		{D7573F74-2620-4754-91DC-E06D6BFACA91}.Debug|Any CPU.ActiveCfg = Debug|Any CPU
		{D7573F74-2620-4754-91DC-E06D6BFACA91}.Debug|Any CPU.Build.0 = Debug|Any CPU
		{D7573F74-2620-4754-91DC-E06D6BFACA91}.Release|Any CPU.ActiveCfg = Release|Any CPU
		{D7573F74-2620-4754-91DC-E06D6BFACA91}.Release|Any CPU.Build.0 = Release|Any CPU
	EndGlobalSection
	GlobalSection(SolutionProperties) = preSolution
		HideSolutionNode = FALSE
	EndGlobalSection
	GlobalSection(ExtensibilityGlobals) = postSolution
		SolutionGuid = {694F7DB6-B83F-4391-9C91-876BA7A76791}
	EndGlobalSection
EndGlobal
